
Microsoft Visual Studio Solution File, Format Version 12.00
# Visual Studio Version 17
VisualStudioVersion = 17.9.34723.18
MinimumVisualStudioVersion = 10.0.40219.1
Project("{FAE04EC0-301F-11D3-BF4B-00C04F79EFBC}") = "0411-S3-Classes", "0411-S3-Classes.csproj", "{F76FC166-4681-454F-989C-1A51486D484B}"
EndProject
Global
	GlobalSection(SolutionConfigurationPlatforms) = preSolution
		Debug|Any CPU = Debug|Any CPU
		Release|Any CPU = Release|Any CPU
	EndGlobalSection
	GlobalSection(ProjectConfigurationPlatforms) = postSolution
		{F76FC166-4681-454F-989C-1A51486D484B}.Debug|Any CPU.ActiveCfg = Debug|Any CPU
		{F76FC166-4681-454F-989C-1A51486D484B}.Debug|Any CPU.Build.0 = Debug|Any CPU
		{F76FC166-4681-454F-989C-1A51486D484B}.Release|Any CPU.ActiveCfg = Release|Any CPU
		{F76FC166-4681-454F-989C-1A51486D484B}.Release|Any CPU.Build.0 = Release|Any CPU
	EndGlobalSection
	GlobalSection(SolutionProperties) = preSolution
		HideSolutionNode = FALSE
	EndGlobalSection
	GlobalSection(ExtensibilityGlobals) = postSolution
		SolutionGuid = {2D8C059D-B40B-4564-8796-3B3E660A1BDC}
	EndGlobalSection
EndGlobal
